{
  "name": "kallelse-bot",
  "version": "1.0.0",
  "lockfileVersion": 1,
  "requires": true,
  "dependencies": {
    "@types/node": {
      "version": "11.13.2",
      "resolved": "https://registry.npmjs.org/@types/node/-/node-11.13.2.tgz",
      "integrity": "sha512-HOtU5KqROKT7qX/itKHuTtt5fV0iXbheQvrgbLNXFJQBY/eh+VS5vmmTAVlo3qIGMsypm0G4N1t2AXjy1ZicaQ==",
      "dev": true
    },
    "@types/nodemailer": {
      "version": "4.6.7",
      "resolved": "https://registry.npmjs.org/@types/nodemailer/-/nodemailer-4.6.7.tgz",
      "integrity": "sha512-slR1wz8I8O20CHNBNhYhObRZ8zeG5FnfFUWLZKk1f0UDYaLZOsBjUfCC9VEFi7oSRCC886DfKmq1JncPDMOrng==",
      "dev": true,
      "requires": {
        "@types/node": "*"
      }
    },
    "async-limiter": {
      "version": "1.0.0",
      "resolved": "https://registry.npmjs.org/async-limiter/-/async-limiter-1.0.0.tgz",
      "integrity": "sha512-jp/uFnooOiO+L211eZOoSyzpOITMXx1rBITauYykG3BRYPu8h0UcxsPNB04RR5vo4Tyz3+ay17tR6JVf9qzYWg=="
    },
    "eris": {
      "version": "0.9.0",
      "resolved": "https://registry.npmjs.org/eris/-/eris-0.9.0.tgz",
      "integrity": "sha512-U3/fv/wF2nA7Pc003v2cMXfTXvz8OySZYE21Zpx3ipm5sKbHWjcwDGdNXbp2Nb7fUip/IIjA/5540YDcqyQSvQ==",
      "requires": {
        "opusscript": "^0.0.4",
        "tweetnacl": "^1.0.0",
        "ws": "^6.0.0"
      }
    },
    "nodemailer": {
      "version": "6.1.0",
      "resolved": "https://registry.npmjs.org/nodemailer/-/nodemailer-6.1.0.tgz",
      "integrity": "sha512-mzKGT5Q1PY84v6oRVjy88ymMDLUbPqvIr26n9Uy3j2nXzdhKWx1z4GLSHOyX8655zMkQng1MFR3lK+cE1egS6Q=="
    },
    "opusscript": {
      "version": "0.0.4",
      "resolved": "https://registry.npmjs.org/opusscript/-/opusscript-0.0.4.tgz",
      "integrity": "sha512-bEPZFE2lhUJYQD5yfTFO4RhbRZ937x6hRwBC1YoGacT35bwDVwKFP1+amU8NYfZL/v4EU7ZTU3INTqzYAnuP7Q==",
      "optional": true
    },
    "tweetnacl": {
      "version": "1.0.1",
      "resolved": "https://registry.npmjs.org/tweetnacl/-/tweetnacl-1.0.1.tgz",
      "integrity": "sha512-kcoMoKTPYnoeS50tzoqjPY3Uv9axeuuFAZY9M/9zFnhoVvRfxz9K29IMPD7jGmt2c8SW7i3gT9WqDl2+nV7p4A==",
      "optional": true
    },
    "typescript": {
      "version": "3.4.2",
      "resolved": "https://registry.npmjs.org/typescript/-/typescript-3.4.2.tgz",
      "integrity": "sha512-Og2Vn6Mk7JAuWA1hQdDQN/Ekm/SchX80VzLhjKN9ETYrIepBFAd8PkOdOTK2nKt0FCkmMZKBJvQ1dV1gIxPu/A==",
      "dev": true
    },
    "ws": {
      "version": "6.2.1",
      "resolved": "https://registry.npmjs.org/ws/-/ws-6.2.1.tgz",
      "integrity": "sha512-GIyAXC2cB7LjvpgMt9EKS2ldqr0MTrORaleiOno6TweZ6r3TKtoFQWay/2PceJ3RuBasOHzXNn5Lrw1X0bEjqA==",
      "requires": {
        "async-limiter": "~1.0.0"
      }
    }
  }
}
